# THIS IS AN AUTOGENERATED FILE. DO NOT EDIT THIS FILE DIRECTLY.
# yarn lockfile v1


"@types/node@^18.7.6":
  version "18.7.6"
  resolved "https://registry.yarnpkg.com/@types/node/-/node-18.7.6.tgz#31743bc5772b6ac223845e18c3fc26f042713c83"
  integrity sha512-EdxgKRXgYsNITy5mjjXjVE/CS8YENSdhiagGrLqjG0pvA2owgJ6i4l7wy/PFZGC0B1/H20lWKN7ONVDNYDZm7A==

kakao.maps.d.ts@^0.1.33:
  version "0.1.33"
  resolved "https://registry.yarnpkg.com/kakao.maps.d.ts/-/kakao.maps.d.ts-0.1.33.tgz#25d68b5ebd49c5925cf6e4766e4d051fccf2e86e"
  integrity sha512-ANsAznVkdnaV1EhZcbE3wcEOWbJSX7YOs3Cka1gOPzMDVibNQ6mm8zgju26R1qSAKWBNNGbDZy5BmtZ6pQ8peA==

react-kakao-maps-sdk@^1.1.3:
  version "1.1.3"
  resolved "https://registry.yarnpkg.com/react-kakao-maps-sdk/-/react-kakao-maps-sdk-1.1.3.tgz#2ff3b006fdc720191ee8b365a28539d799f631b0"
  integrity sha512-r3ypRhgG17nCO1g6umYBLLVQo/hV3gi0EasFxTjr3A6ghV+UfyqTTYYmO6hYyVOQtrBkn9il3vaV8j/AHabj1A==
  dependencies:
    kakao.maps.d.ts "^0.1.33"
